PODS:
  - Alamofire (4.4.0)
  - SnapKit (3.2.0)
  - SwiftyJSON (3.1.4)

DEPENDENCIES:
  - Alamofire (~> 4.4)
  - SnapKit (~> 3.2.0)
  - SwiftyJSON

SPEC CHECKSUMS:
  Alamofire: dc44b1600b800eb63da6a19039a0083d62a6a62d
  SnapKit: 1ca44df72cfa543218d177cb8aab029d10d86ea7
  SwiftyJSON: c2842d878f95482ffceec5709abc3d05680c0220

PODFILE CHECKSUM: c7418ccb1f1bd206bf596576c9410a3ce788bfac

COCOAPODS: 1.2.1
